// !$*UTF8*$!
{
	archiveVersion = 1;
	classes = {
	};
	objectVersion = 46;
	objects = {

/* Begin PBXBuildFile section */
		D44107DA1BFD71CF0022B7E2 /* AppDelegate.swift in Sources */ = {isa = PBXBuildFile; fileRef = D44107D91BFD71CF0022B7E2 /* AppDelegate.swift */; };
		D477DEE31C1020DB009C356E /* Assets.xcassets in Resources */ = {isa = PBXBuildFile; fileRef = D477DEDF1C1020DB009C356E /* Assets.xcassets */; };
		D477DEE41C1020DB009C356E /* LaunchScreen.storyboard in Resources */ = {isa = PBXBuildFile; fileRef = D477DEE11C1020DB009C356E /* LaunchScreen.storyboard */; };
		D477DEE51C1020DB009C356E /* Main.storyboard in Resources */ = {isa = PBXBuildFile; fileRef = D477DEE21C1020DB009C356E /* Main.storyboard */; };
		D477DEE81C1020EE009C356E /* FavoritesViewVontroller.swift in Sources */ = {isa = PBXBuildFile; fileRef = D477DEE71C1020EE009C356E /* FavoritesViewVontroller.swift */; };
		D477DEEB1C102183009C356E /* RoutesViewController.swift in Sources */ = {isa = PBXBuildFile; fileRef = D477DEEA1C102183009C356E /* RoutesViewController.swift */; };
		D477DEED1C10218F009C356E /* SettingsViewController.swift in Sources */ = {isa = PBXBuildFile; fileRef = D477DEEC1C10218F009C356E /* SettingsViewController.swift */; };
		D477DEEF1C1021A4009C356E /* MapViewController.swift in Sources */ = {isa = PBXBuildFile; fileRef = D477DEEE1C1021A4009C356E /* MapViewController.swift */; };
		D477DEF11C1021F8009C356E /* MapKit.framework in Frameworks */ = {isa = PBXBuildFile; fileRef = D477DEF01C1021F8009C356E /* MapKit.framework */; };
		D477DEF31C1021FF009C356E /* CoreLocation.framework in Frameworks */ = {isa = PBXBuildFile; fileRef = D477DEF21C1021FF009C356E /* CoreLocation.framework */; };
		D48018F11C108AA5004615BB /* SQLite.framework in Frameworks */ = {isa = PBXBuildFile; fileRef = D48018F01C108AA5004615BB /* SQLite.framework */; };
		D48018F71C108B47004615BB /* SQLite.framework.dSYM in Carthage - Copy Debug Symbols */ = {isa = PBXBuildFile; fileRef = D48018F61C108B47004615BB /* SQLite.framework.dSYM */; };
/* End PBXBuildFile section */

/* Begin PBXCopyFilesBuildPhase section */
		D48018F31C108AF7004615BB /* Carthage - Copy Debug Symbols */ = {
			isa = PBXCopyFilesBuildPhase;
			buildActionMask = 2147483647;
			dstPath = "";
			dstSubfolderSpec = 16;
			files = (
				D48018F71C108B47004615BB /* SQLite.framework.dSYM in Carthage - Copy Debug Symbols */,
			);
			name = "Carthage - Copy Debug Symbols";
			runOnlyForDeploymentPostprocessing = 0;
		};
/* End PBXCopyFilesBuildPhase section */

/* Begin PBXFileReference section */
		D44107D61BFD71CE0022B7E2 /* SJ Transit.app */ = {isa = PBXFileReference; explicitFileType = wrapper.application; includeInIndex = 0; path = "SJ Transit.app"; sourceTree = BUILT_PRODUCTS_DIR; };
		D44107D91BFD71CF0022B7E2 /* AppDelegate.swift */ = {isa = PBXFileReference; lastKnownFileType = sourcecode.swift; path = AppDelegate.swift; sourceTree = "<group>"; };
		D44107E71BFD71CF0022B7E2 /* Info.plist */ = {isa = PBXFileReference; lastKnownFileType = text.plist.xml; path = Info.plist; sourceTree = "<group>"; };
		D477DEDF1C1020DB009C356E /* Assets.xcassets */ = {isa = PBXFileReference; lastKnownFileType = folder.assetcatalog; path = Assets.xcassets; sourceTree = "<group>"; };
		D477DEE11C1020DB009C356E /* LaunchScreen.storyboard */ = {isa = PBXFileReference; fileEncoding = 4; lastKnownFileType = file.storyboard; path = LaunchScreen.storyboard; sourceTree = "<group>"; };
		D477DEE21C1020DB009C356E /* Main.storyboard */ = {isa = PBXFileReference; fileEncoding = 4; lastKnownFileType = file.storyboard; path = Main.storyboard; sourceTree = "<group>"; };
		D477DEE71C1020EE009C356E /* FavoritesViewVontroller.swift */ = {isa = PBXFileReference; fileEncoding = 4; lastKnownFileType = sourcecode.swift; path = FavoritesViewVontroller.swift; sourceTree = "<group>"; };
		D477DEEA1C102183009C356E /* RoutesViewController.swift */ = {isa = PBXFileReference; fileEncoding = 4; lastKnownFileType = sourcecode.swift; path = RoutesViewController.swift; sourceTree = "<group>"; };
		D477DEEC1C10218F009C356E /* SettingsViewController.swift */ = {isa = PBXFileReference; fileEncoding = 4; lastKnownFileType = sourcecode.swift; path = SettingsViewController.swift; sourceTree = "<group>"; };
		D477DEEE1C1021A4009C356E /* MapViewController.swift */ = {isa = PBXFileReference; fileEncoding = 4; lastKnownFileType = sourcecode.swift; path = MapViewController.swift; sourceTree = "<group>"; };
		D477DEF01C1021F8009C356E /* MapKit.framework */ = {isa = PBXFileReference; lastKnownFileType = wrapper.framework; name = MapKit.framework; path = System/Library/Frameworks/MapKit.framework; sourceTree = SDKROOT; };
		D477DEF21C1021FF009C356E /* CoreLocation.framework */ = {isa = PBXFileReference; lastKnownFileType = wrapper.framework; name = CoreLocation.framework; path = System/Library/Frameworks/CoreLocation.framework; sourceTree = SDKROOT; };
		D48018F01C108AA5004615BB /* SQLite.framework */ = {isa = PBXFileReference; lastKnownFileType = wrapper.framework; name = SQLite.framework; path = Carthage/Build/iOS/SQLite.framework; sourceTree = "<group>"; };
		D48018F61C108B47004615BB /* SQLite.framework.dSYM */ = {isa = PBXFileReference; lastKnownFileType = wrapper.dsym; name = SQLite.framework.dSYM; path = Carthage/Build/iOS/SQLite.framework.dSYM; sourceTree = "<group>"; };
/* End PBXFileReference section */

/* Begin PBXFrameworksBuildPhase section */
		D44107D31BFD71CE0022B7E2 /* Frameworks */ = {
			isa = PBXFrameworksBuildPhase;
			buildActionMask = 2147483647;
			files = (
				D477DEF31C1021FF009C356E /* CoreLocation.framework in Frameworks */,
				D477DEF11C1021F8009C356E /* MapKit.framework in Frameworks */,
				D48018F11C108AA5004615BB /* SQLite.framework in Frameworks */,
			);
			runOnlyForDeploymentPostprocessing = 0;
		};
/* End PBXFrameworksBuildPhase section */

/* Begin PBXGroup section */
		D44107CD1BFD71CE0022B7E2 = {
			isa = PBXGroup;
			children = (
				D44107D81BFD71CE0022B7E2 /* SJ Transit */,
				D477DEF41C102204009C356E /* Frameworks */,
				D44107D71BFD71CE0022B7E2 /* Products */,
			);
			sourceTree = "<group>";
		};
		D44107D71BFD71CE0022B7E2 /* Products */ = {
			isa = PBXGroup;
			children = (
				D44107D61BFD71CE0022B7E2 /* SJ Transit.app */,
			);
			name = Products;
			sourceTree = "<group>";
		};
		D44107D81BFD71CE0022B7E2 /* SJ Transit */ = {
			isa = PBXGroup;
			children = (
				D44107D91BFD71CF0022B7E2 /* AppDelegate.swift */,
				D477DEE61C1020EE009C356E /* Controllers */,
				D477DEE01C1020DB009C356E /* Storyboards */,
				D477DEDE1C1020DB009C356E /* Resources */,
				D477DEE91C1020FC009C356E /* Supporting Files */,
			);
			path = "SJ Transit";
			sourceTree = "<group>";
		};
		D477DEDE1C1020DB009C356E /* Resources */ = {
			isa = PBXGroup;
			children = (
				D477DEDF1C1020DB009C356E /* Assets.xcassets */,
			);
			path = Resources;
			sourceTree = "<group>";
		};
		D477DEE01C1020DB009C356E /* Storyboards */ = {
			isa = PBXGroup;
			children = (
				D477DEE11C1020DB009C356E /* LaunchScreen.storyboard */,
				D477DEE21C1020DB009C356E /* Main.storyboard */,
			);
			path = Storyboards;
			sourceTree = "<group>";
		};
		D477DEE61C1020EE009C356E /* Controllers */ = {
			isa = PBXGroup;
			children = (
				D477DEE71C1020EE009C356E /* FavoritesViewVontroller.swift */,
				D477DEEA1C102183009C356E /* RoutesViewController.swift */,
				D477DEEC1C10218F009C356E /* SettingsViewController.swift */,
				D477DEEE1C1021A4009C356E /* MapViewController.swift */,
			);
			path = Controllers;
			sourceTree = "<group>";
		};
		D477DEE91C1020FC009C356E /* Supporting Files */ = {
			isa = PBXGroup;
			children = (
				D44107E71BFD71CF0022B7E2 /* Info.plist */,
			);
			name = "Supporting Files";
			sourceTree = "<group>";
		};
		D477DEF41C102204009C356E /* Frameworks */ = {
			isa = PBXGroup;
			children = (
				D48018F81C108B59004615BB /* Vendor */,
				D477DEF21C1021FF009C356E /* CoreLocation.framework */,
				D477DEF01C1021F8009C356E /* MapKit.framework */,
			);
			name = Frameworks;
			sourceTree = "<group>";
		};
		D48018F81C108B59004615BB /* Vendor */ = {
			isa = PBXGroup;
			children = (
				D48018F01C108AA5004615BB /* SQLite.framework */,
				D48018F61C108B47004615BB /* SQLite.framework.dSYM */,
			);
			name = Vendor;
			sourceTree = "<group>";
		};
/* End PBXGroup section */

/* Begin PBXNativeTarget section */
		D44107D51BFD71CE0022B7E2 /* SJ Transit */ = {
			isa = PBXNativeTarget;
			buildConfigurationList = D44107EA1BFD71CF0022B7E2 /* Build configuration list for PBXNativeTarget "SJ Transit" */;
			buildPhases = (
				D44107D21BFD71CE0022B7E2 /* Sources */,
				D44107D31BFD71CE0022B7E2 /* Frameworks */,
				D44107D41BFD71CE0022B7E2 /* Resources */,
				D48018F21C108AB5004615BB /* Carthage - Copy Frameworks */,
				D48018F31C108AF7004615BB /* Carthage - Copy Debug Symbols */,
			);
			buildRules = (
			);
			dependencies = (
			);
			name = "SJ Transit";
			productName = "SJ Transit";
			productReference = D44107D61BFD71CE0022B7E2 /* SJ Transit.app */;
			productType = "com.apple.product-type.application";
		};
/* End PBXNativeTarget section */

/* Begin PBXProject section */
		D44107CE1BFD71CE0022B7E2 /* Project object */ = {
			isa = PBXProject;
			attributes = {
				LastSwiftUpdateCheck = 0710;
				LastUpgradeCheck = 0710;
				ORGANIZATIONNAME = "Vashishtha Jogi";
				TargetAttributes = {
					D44107D51BFD71CE0022B7E2 = {
						CreatedOnToolsVersion = 7.1.1;
						DevelopmentTeam = H5537L6Q5K;
					};
				};
			};
			buildConfigurationList = D44107D11BFD71CE0022B7E2 /* Build configuration list for PBXProject "SJ Transit" */;
			compatibilityVersion = "Xcode 3.2";
			developmentRegion = English;
			hasScannedForEncodings = 0;
			knownRegions = (
				en,
				Base,
			);
			mainGroup = D44107CD1BFD71CE0022B7E2;
			productRefGroup = D44107D71BFD71CE0022B7E2 /* Products */;
			projectDirPath = "";
			projectRoot = "";
			targets = (
				D44107D51BFD71CE0022B7E2 /* SJ Transit */,
			);
		};
/* End PBXProject section */

/* Begin PBXResourcesBuildPhase section */
		D44107D41BFD71CE0022B7E2 /* Resources */ = {
			isa = PBXResourcesBuildPhase;
			buildActionMask = 2147483647;
			files = (
				D477DEE41C1020DB009C356E /* LaunchScreen.storyboard in Resources */,
				D477DEE31C1020DB009C356E /* Assets.xcassets in Resources */,
				D477DEE51C1020DB009C356E /* Main.storyboard in Resources */,
			);
			runOnlyForDeploymentPostprocessing = 0;
		};
/* End PBXResourcesBuildPhase section */

/* Begin PBXShellScriptBuildPhase section */
		D48018F21C108AB5004615BB /* Carthage - Copy Frameworks */ = {
			isa = PBXShellScriptBuildPhase;
			buildActionMask = 2147483647;
			files = (
			);
			inputPaths = (
				"$(SRCROOT)/Carthage/Build/iOS/SQLite.framework",
			);
			name = "Carthage - Copy Frameworks";
			outputPaths = (
			);
			runOnlyForDeploymentPostprocessing = 0;
			shellPath = /bin/sh;
			shellScript = "/usr/local/bin/carthage copy-frameworks";
		};
/* End PBXShellScriptBuildPhase section */

/* Begin PBXSourcesBuildPhase section */
		D44107D21BFD71CE0022B7E2 /* Sources */ = {
			isa = PBXSourcesBuildPhase;
			buildActionMask = 2147483647;
			files = (
				D44107DA1BFD71CF0022B7E2 /* AppDelegate.swift in Sources */,
				D477DEEB1C102183009C356E /* RoutesViewController.swift in Sources */,
				D477DEE81C1020EE009C356E /* FavoritesViewVontroller.swift in Sources */,
				D477DEEF1C1021A4009C356E /* MapViewController.swift in Sources */,
				D477DEED1C10218F009C356E /* SettingsViewController.swift in Sources */,
			);
			runOnlyForDeploymentPostprocessing = 0;
		};
/* End PBXSourcesBuildPhase section */

/* Begin XCBuildConfiguration section */
		D44107E81BFD71CF0022B7E2 /* Debug */ = {
			isa = XCBuildConfiguration;
			buildSettings = {
				ALWAYS_SEARCH_USER_PATHS = NO;
				CLANG_CXX_LANGUAGE_STANDARD = "gnu++0x";
				CLANG_CXX_LIBRARY = "libc++";
				CLANG_ENABLE_MODULES = YES;
				CLANG_ENABLE_OBJC_ARC = YES;
				CLANG_WARN_BOOL_CONVERSION = YES;
				CLANG_WARN_CONSTANT_CONVERSION = YES;
				CLANG_WARN_DIRECT_OBJC_ISA_USAGE = YES_ERROR;
				CLANG_WARN_EMPTY_BODY = YES;
				CLANG_WARN_ENUM_CONVERSION = YES;
				CLANG_WARN_INT_CONVERSION = YES;
				CLANG_WARN_OBJC_ROOT_CLASS = YES_ERROR;
				CLANG_WARN_UNREACHABLE_CODE = YES;
				CLANG_WARN__DUPLICATE_METHOD_MATCH = YES;
				"CODE_SIGN_IDENTITY[sdk=iphoneos*]" = "iPhone Developer";
				COPY_PHASE_STRIP = NO;
				DEBUG_INFORMATION_FORMAT = dwarf;
				ENABLE_STRICT_OBJC_MSGSEND = YES;
				ENABLE_TESTABILITY = YES;
				GCC_C_LANGUAGE_STANDARD = gnu99;
				GCC_DYNAMIC_NO_PIC = NO;
				GCC_NO_COMMON_BLOCKS = YES;
				GCC_OPTIMIZATION_LEVEL = 0;
				GCC_PREPROCESSOR_DEFINITIONS = (
					"DEBUG=1",
					"$(inherited)",
				);
				GCC_WARN_64_TO_32_BIT_CONVERSION = YES;
				GCC_WARN_ABOUT_RETURN_TYPE = YES_ERROR;
				GCC_WARN_UNDECLARED_SELECTOR = YES;
				GCC_WARN_UNINITIALIZED_AUTOS = YES_AGGRESSIVE;
				GCC_WARN_UNUSED_FUNCTION = YES;
				GCC_WARN_UNUSED_VARIABLE = YES;
				IPHONEOS_DEPLOYMENT_TARGET = 9.1;
				MTL_ENABLE_DEBUG_INFO = YES;
				ONLY_ACTIVE_ARCH = YES;
				SDKROOT = iphoneos;
				SWIFT_OPTIMIZATION_LEVEL = "-Onone";
			};
			name = Debug;
		};
		D44107E91BFD71CF0022B7E2 /* Release */ = {
			isa = XCBuildConfiguration;
			buildSettings = {
				ALWAYS_SEARCH_USER_PATHS = NO;
				CLANG_CXX_LANGUAGE_STANDARD = "gnu++0x";
				CLANG_CXX_LIBRARY = "libc++";
				CLANG_ENABLE_MODULES = YES;
				CLANG_ENABLE_OBJC_ARC = YES;
				CLANG_WARN_BOOL_CONVERSION = YES;
				CLANG_WARN_CONSTANT_CONVERSION = YES;
				CLANG_WARN_DIRECT_OBJC_ISA_USAGE = YES_ERROR;
				CLANG_WARN_EMPTY_BODY = YES;
				CLANG_WARN_ENUM_CONVERSION = YES;
				CLANG_WARN_INT_CONVERSION = YES;
				CLANG_WARN_OBJC_ROOT_CLASS = YES_ERROR;
				CLANG_WARN_UNREACHABLE_CODE = YES;
				CLANG_WARN__DUPLICATE_METHOD_MATCH = YES;
				"CODE_SIGN_IDENTITY[sdk=iphoneos*]" = "iPhone Developer";
				COPY_PHASE_STRIP = NO;
				DEBUG_INFORMATION_FORMAT = "dwarf-with-dsym";
				ENABLE_NS_ASSERTIONS = NO;
				ENABLE_STRICT_OBJC_MSGSEND = YES;
				GCC_C_LANGUAGE_STANDARD = gnu99;
				GCC_NO_COMMON_BLOCKS = YES;
				GCC_WARN_64_TO_32_BIT_CONVERSION = YES;
				GCC_WARN_ABOUT_RETURN_TYPE = YES_ERROR;
				GCC_WARN_UNDECLARED_SELECTOR = YES;
				GCC_WARN_UNINITIALIZED_AUTOS = YES_AGGRESSIVE;
				GCC_WARN_UNUSED_FUNCTION = YES;
				GCC_WARN_UNUSED_VARIABLE = YES;
				IPHONEOS_DEPLOYMENT_TARGET = 9.1;
				MTL_ENABLE_DEBUG_INFO = NO;
				SDKROOT = iphoneos;
				VALIDATE_PRODUCT = YES;
			};
			name = Release;
		};
		D44107EB1BFD71CF0022B7E2 /* Debug */ = {
			isa = XCBuildConfiguration;
			buildSettings = {
				ASSETCATALOG_COMPILER_APPICON_NAME = AppIcon;
				CODE_SIGN_IDENTITY = "iPhone Developer";
				FRAMEWORK_SEARCH_PATHS = (
					"$(inherited)",
					"$(PROJECT_DIR)/Carthage/Build/iOS",
				);
				INFOPLIST_FILE = "SJ Transit/Info.plist";
				LD_RUNPATH_SEARCH_PATHS = "$(inherited) @executable_path/Frameworks";
				PRODUCT_BUNDLE_IDENTIFIER = "com.jogi..SJ-Transit";
				PRODUCT_NAME = "$(TARGET_NAME)";
			};
			name = Debug;
		};
		D44107EC1BFD71CF0022B7E2 /* Release */ = {
			isa = XCBuildConfiguration;
			buildSettings = {
				ASSETCATALOG_COMPILER_APPICON_NAME = AppIcon;
				CODE_SIGN_IDENTITY = "iPhone Developer";
				FRAMEWORK_SEARCH_PATHS = (
					"$(inherited)",
					"$(PROJECT_DIR)/Carthage/Build/iOS",
				);
				INFOPLIST_FILE = "SJ Transit/Info.plist";
				LD_RUNPATH_SEARCH_PATHS = "$(inherited) @executable_path/Frameworks";
				PRODUCT_BUNDLE_IDENTIFIER = "com.jogi..SJ-Transit";
				PRODUCT_NAME = "$(TARGET_NAME)";
			};
			name = Release;
		};
/* End XCBuildConfiguration section */

/* Begin XCConfigurationList section */
		D44107D11BFD71CE0022B7E2 /* Build configuration list for PBXProject "SJ Transit" */ = {
			isa = XCConfigurationList;
			buildConfigurations = (
				D44107E81BFD71CF0022B7E2 /* Debug */,
				D44107E91BFD71CF0022B7E2 /* Release */,
			);
			defaultConfigurationIsVisible = 0;
			defaultConfigurationName = Release;
		};
		D44107EA1BFD71CF0022B7E2 /* Build configuration list for PBXNativeTarget "SJ Transit" */ = {
			isa = XCConfigurationList;
			buildConfigurations = (
				D44107EB1BFD71CF0022B7E2 /* Debug */,
				D44107EC1BFD71CF0022B7E2 /* Release */,
			);
			defaultConfigurationIsVisible = 0;
			defaultConfigurationName = Release;
		};
/* End XCConfigurationList section */
	};
	rootObject = D44107CE1BFD71CE0022B7E2 /* Project object */;
}
