// !$*UTF8*$!
{
	archiveVersion = 1;
	classes = {
	};
	objectVersion = 54;
	objects = {

/* Begin PBXBuildFile section */
		D44107DA1BFD71CF0022B7E2 /* AppDelegate.swift in Sources */ = {isa = PBXBuildFile; fileRef = D44107D91BFD71CF0022B7E2 /* AppDelegate.swift */; };
		D477DEE31C1020DB009C356E /* Assets.xcassets in Resources */ = {isa = PBXBuildFile; fileRef = D477DEDF1C1020DB009C356E /* Assets.xcassets */; };
		D477DEE41C1020DB009C356E /* LaunchScreen.storyboard in Resources */ = {isa = PBXBuildFile; fileRef = D477DEE11C1020DB009C356E /* LaunchScreen.storyboard */; };
		D477DEE51C1020DB009C356E /* Main.storyboard in Resources */ = {isa = PBXBuildFile; fileRef = D477DEE21C1020DB009C356E /* Main.storyboard */; };
		D477DEE81C1020EE009C356E /* FavoritesViewVontroller.swift in Sources */ = {isa = PBXBuildFile; fileRef = D477DEE71C1020EE009C356E /* FavoritesViewVontroller.swift */; };
		D477DEEB1C102183009C356E /* RoutesViewController.swift in Sources */ = {isa = PBXBuildFile; fileRef = D477DEEA1C102183009C356E /* RoutesViewController.swift */; };
		D477DEED1C10218F009C356E /* SettingsViewController.swift in Sources */ = {isa = PBXBuildFile; fileRef = D477DEEC1C10218F009C356E /* SettingsViewController.swift */; };
		D477DEEF1C1021A4009C356E /* MapViewController.swift in Sources */ = {isa = PBXBuildFile; fileRef = D477DEEE1C1021A4009C356E /* MapViewController.swift */; };
		D477DEF11C1021F8009C356E /* MapKit.framework in Frameworks */ = {isa = PBXBuildFile; fileRef = D477DEF01C1021F8009C356E /* MapKit.framework */; };
		D477DEF31C1021FF009C356E /* CoreLocation.framework in Frameworks */ = {isa = PBXBuildFile; fileRef = D477DEF21C1021FF009C356E /* CoreLocation.framework */; };
		D48018FC1C117EED004615BB /* Stop.swift in Sources */ = {isa = PBXBuildFile; fileRef = D48018FB1C117EED004615BB /* Stop.swift */; };
		D48019041C11C979004615BB /* StopRouteViewController.swift in Sources */ = {isa = PBXBuildFile; fileRef = D48019031C11C979004615BB /* StopRouteViewController.swift */; };
		D48019081C11C9C4004615BB /* RouteDetailViewController.swift in Sources */ = {isa = PBXBuildFile; fileRef = D48019071C11C9C4004615BB /* RouteDetailViewController.swift */; };
		D480190A1C11CA3B004615BB /* Route.swift in Sources */ = {isa = PBXBuildFile; fileRef = D48019091C11CA3B004615BB /* Route.swift */; };
		D480190F1C12B6A3004615BB /* RouteTableViewCell.swift in Sources */ = {isa = PBXBuildFile; fileRef = D480190E1C12B6A3004615BB /* RouteTableViewCell.swift */; };
		D48019121C12B79C004615BB /* CellAdditions.swift in Sources */ = {isa = PBXBuildFile; fileRef = D48019111C12B79C004615BB /* CellAdditions.swift */; };
		D48019141C12BB60004615BB /* QuartzCore.framework in Frameworks */ = {isa = PBXBuildFile; fileRef = D48019131C12BB60004615BB /* QuartzCore.framework */; };
		D48019161C12D181004615BB /* Trip.swift in Sources */ = {isa = PBXBuildFile; fileRef = D48019151C12D181004615BB /* Trip.swift */; };
		D48019181C12D18B004615BB /* StopTime.swift in Sources */ = {isa = PBXBuildFile; fileRef = D48019171C12D18B004615BB /* StopTime.swift */; };
		D480191A1C12D1BF004615BB /* Calendar.swift in Sources */ = {isa = PBXBuildFile; fileRef = D48019191C12D1BF004615BB /* Calendar.swift */; };
		D480191D1C130010004615BB /* Database.swift in Sources */ = {isa = PBXBuildFile; fileRef = D480191C1C130010004615BB /* Database.swift */; };
		D480191F1C1306C1004615BB /* NSDate+Additions.swift in Sources */ = {isa = PBXBuildFile; fileRef = D480191E1C1306C1004615BB /* NSDate+Additions.swift */; };
		D48019281C144E45004615BB /* Threading.swift in Sources */ = {isa = PBXBuildFile; fileRef = D48019271C144E45004615BB /* Threading.swift */; };
		D480192E1C1466EE004615BB /* StopRouteTableViewCell.swift in Sources */ = {isa = PBXBuildFile; fileRef = D480192D1C1466EE004615BB /* StopRouteTableViewCell.swift */; };
		D48019321C159966004615BB /* StopRouteTimesViewController.swift in Sources */ = {isa = PBXBuildFile; fileRef = D48019311C159966004615BB /* StopRouteTimesViewController.swift */; };
		D48019341C15997C004615BB /* StopRouteTimeTableViewCell.swift in Sources */ = {isa = PBXBuildFile; fileRef = D48019331C15997C004615BB /* StopRouteTimeTableViewCell.swift */; };
		D480193A1C15B1BC004615BB /* DateTimePickerViewController.swift in Sources */ = {isa = PBXBuildFile; fileRef = D48019391C15B1BC004615BB /* DateTimePickerViewController.swift */; };
		D480193C1C15C244004615BB /* String+Additions.swift in Sources */ = {isa = PBXBuildFile; fileRef = D480193B1C15C244004615BB /* String+Additions.swift */; };
		D480193E1C16C82F004615BB /* TripStopTableViewCell.swift in Sources */ = {isa = PBXBuildFile; fileRef = D480193D1C16C82F004615BB /* TripStopTableViewCell.swift */; };
		D48019401C16C923004615BB /* TripDetailViewController.swift in Sources */ = {isa = PBXBuildFile; fileRef = D480193F1C16C923004615BB /* TripDetailViewController.swift */; };
		D48019421C172624004615BB /* Shape.swift in Sources */ = {isa = PBXBuildFile; fileRef = D48019411C172624004615BB /* Shape.swift */; };
		D48118D32E4910100008AE6B /* gtfs.db in Resources */ = {isa = PBXBuildFile; fileRef = D4AA100E2E4908D400AAA001 /* gtfs.db */; };
		D48E3CFA2C695F2A009ADE79 /* SVProgressHUD in Frameworks */ = {isa = PBXBuildFile; productRef = D48E3CF92C695F2A009ADE79 /* SVProgressHUD */; };
		D48E3CFD2C695F7A009ADE79 /* Zip in Frameworks */ = {isa = PBXBuildFile; productRef = D48E3CFC2C695F7A009ADE79 /* Zip */; };
		D49558401CBE1F710059CF2D /* Coverage.geojson in Resources */ = {isa = PBXBuildFile; fileRef = D495583F1CBE1F710059CF2D /* Coverage.geojson */; };
		D49584941CAFAC4100954327 /* Constants.swift in Sources */ = {isa = PBXBuildFile; fileRef = D49584931CAFAC4100954327 /* Constants.swift */; };
		D49584961CAFAD5F00954327 /* UIViewController+Additions.swift in Sources */ = {isa = PBXBuildFile; fileRef = D49584951CAFAD5F00954327 /* UIViewController+Additions.swift */; };
		D49584981CAFAF9700954327 /* NoScheduleView.swift in Sources */ = {isa = PBXBuildFile; fileRef = D49584971CAFAF9700954327 /* NoScheduleView.swift */; };
		D495849A1CAFAFAB00954327 /* NoScheduleView.xib in Resources */ = {isa = PBXBuildFile; fileRef = D49584991CAFAFAB00954327 /* NoScheduleView.xib */; };
		D495849C1CB23A2000954327 /* Utilities.swift in Sources */ = {isa = PBXBuildFile; fileRef = D495849B1CB23A2000954327 /* Utilities.swift */; };
		D495849E1CB2460700954327 /* Downloader.swift in Sources */ = {isa = PBXBuildFile; fileRef = D495849D1CB2460700954327 /* Downloader.swift */; };
		D4AA10012E4908AA00AAA001 /* GTFSDatabaseTestSupport.swift in Sources */ = {isa = PBXBuildFile; fileRef = D4AA10052E4908AA00AAA001 /* GTFSDatabaseTestSupport.swift */; };
		D4AA10022E4908AA00AAA001 /* RouteQueryTests.swift in Sources */ = {isa = PBXBuildFile; fileRef = D4AA10062E4908AA00AAA001 /* RouteQueryTests.swift */; };
		D4AA10032E4908AA00AAA001 /* StopAndShapeQueryTests.swift in Sources */ = {isa = PBXBuildFile; fileRef = D4AA10072E4908AA00AAA001 /* StopAndShapeQueryTests.swift */; };
		D4AA10042E4908AA00AAA001 /* TripAndStopTimeQueryTests.swift in Sources */ = {isa = PBXBuildFile; fileRef = D4AA10082E4908AA00AAA001 /* TripAndStopTimeQueryTests.swift */; };
		D4AA10092E4908AA00AAA001 /* FavoriteQueryTests.swift in Sources */ = {isa = PBXBuildFile; fileRef = D4AA100A2E4908AA00AAA001 /* FavoriteQueryTests.swift */; };
		D4AA100B2E4908AA00AAA001 /* CalendarQueryTests.swift in Sources */ = {isa = PBXBuildFile; fileRef = D4AA100C2E4908AA00AAA001 /* CalendarQueryTests.swift */; };
		D4AA100D2E4908D400AAA001 /* gtfs.db in Resources */ = {isa = PBXBuildFile; fileRef = D4AA100E2E4908D400AAA001 /* gtfs.db */; };
		D4AA10102E49090400AAA001 /* SQLite in Frameworks */ = {isa = PBXBuildFile; productRef = D4AA100F2E49090400AAA001 /* SQLite */; };
		D4BED7F623BACEC200F8781C /* SQLite in Frameworks */ = {isa = PBXBuildFile; productRef = D4BED7F523BACEC200F8781C /* SQLite */; };
		D4CE44D91CBDED4E0012320F /* DateFormatter.swift in Sources */ = {isa = PBXBuildFile; fileRef = D4CE44D81CBDED4E0012320F /* DateFormatter.swift */; };
		D4FACC6D1CA89416009A346A /* Update.swift in Sources */ = {isa = PBXBuildFile; fileRef = D4FACC6C1CA89416009A346A /* Update.swift */; };
		D4FDEDAF1C193CC700D01886 /* TripStopTableViewCell.xib in Resources */ = {isa = PBXBuildFile; fileRef = D4FDEDAE1C193CC700D01886 /* TripStopTableViewCell.xib */; };
		D4FDEDB11C1945EF00D01886 /* RouteMapViewController.swift in Sources */ = {isa = PBXBuildFile; fileRef = D4FDEDB01C1945EF00D01886 /* RouteMapViewController.swift */; };
		D4FDEDB31C19471600D01886 /* UITableView+Additions.swift in Sources */ = {isa = PBXBuildFile; fileRef = D4FDEDB21C19471600D01886 /* UITableView+Additions.swift */; };
		D4FDEDB51C19846500D01886 /* Favorite.swift in Sources */ = {isa = PBXBuildFile; fileRef = D4FDEDB41C19846500D01886 /* Favorite.swift */; };
/* End PBXBuildFile section */

/* Begin PBXContainerItemProxy section */
		D4901B752E48FA65001E03D0 /* PBXContainerItemProxy */ = {
			isa = PBXContainerItemProxy;
			containerPortal = D44107CE1BFD71CE0022B7E2 /* Project object */;
			proxyType = 1;
			remoteGlobalIDString = D44107D51BFD71CE0022B7E2;
			remoteInfo = "SJ Transit";
		};
/* End PBXContainerItemProxy section */

/* Begin PBXFileReference section */
		D44107D61BFD71CE0022B7E2 /* SJ Transit.app */ = {isa = PBXFileReference; explicitFileType = wrapper.application; includeInIndex = 0; path = "SJ Transit.app"; sourceTree = BUILT_PRODUCTS_DIR; };
		D44107D91BFD71CF0022B7E2 /* AppDelegate.swift */ = {isa = PBXFileReference; lastKnownFileType = sourcecode.swift; path = AppDelegate.swift; sourceTree = "<group>"; };
		D44107E71BFD71CF0022B7E2 /* Info.plist */ = {isa = PBXFileReference; lastKnownFileType = text.plist.xml; path = Info.plist; sourceTree = "<group>"; };
		D477DEDF1C1020DB009C356E /* Assets.xcassets */ = {isa = PBXFileReference; lastKnownFileType = folder.assetcatalog; path = Assets.xcassets; sourceTree = "<group>"; };
		D477DEE11C1020DB009C356E /* LaunchScreen.storyboard */ = {isa = PBXFileReference; fileEncoding = 4; lastKnownFileType = file.storyboard; path = LaunchScreen.storyboard; sourceTree = "<group>"; };
		D477DEE21C1020DB009C356E /* Main.storyboard */ = {isa = PBXFileReference; fileEncoding = 4; lastKnownFileType = file.storyboard; path = Main.storyboard; sourceTree = "<group>"; };
		D477DEE71C1020EE009C356E /* FavoritesViewVontroller.swift */ = {isa = PBXFileReference; fileEncoding = 4; lastKnownFileType = sourcecode.swift; path = FavoritesViewVontroller.swift; sourceTree = "<group>"; };
		D477DEEA1C102183009C356E /* RoutesViewController.swift */ = {isa = PBXFileReference; fileEncoding = 4; lastKnownFileType = sourcecode.swift; path = RoutesViewController.swift; sourceTree = "<group>"; };
		D477DEEC1C10218F009C356E /* SettingsViewController.swift */ = {isa = PBXFileReference; fileEncoding = 4; lastKnownFileType = sourcecode.swift; path = SettingsViewController.swift; sourceTree = "<group>"; };
		D477DEEE1C1021A4009C356E /* MapViewController.swift */ = {isa = PBXFileReference; fileEncoding = 4; lastKnownFileType = sourcecode.swift; path = MapViewController.swift; sourceTree = "<group>"; };
		D477DEF01C1021F8009C356E /* MapKit.framework */ = {isa = PBXFileReference; lastKnownFileType = wrapper.framework; name = MapKit.framework; path = System/Library/Frameworks/MapKit.framework; sourceTree = SDKROOT; };
		D477DEF21C1021FF009C356E /* CoreLocation.framework */ = {isa = PBXFileReference; lastKnownFileType = wrapper.framework; name = CoreLocation.framework; path = System/Library/Frameworks/CoreLocation.framework; sourceTree = SDKROOT; };
		D48018FB1C117EED004615BB /* Stop.swift */ = {isa = PBXFileReference; fileEncoding = 4; lastKnownFileType = sourcecode.swift; path = Stop.swift; sourceTree = "<group>"; };
		D48019031C11C979004615BB /* StopRouteViewController.swift */ = {isa = PBXFileReference; fileEncoding = 4; lastKnownFileType = sourcecode.swift; path = StopRouteViewController.swift; sourceTree = "<group>"; };
		D48019071C11C9C4004615BB /* RouteDetailViewController.swift */ = {isa = PBXFileReference; fileEncoding = 4; lastKnownFileType = sourcecode.swift; path = RouteDetailViewController.swift; sourceTree = "<group>"; };
		D48019091C11CA3B004615BB /* Route.swift */ = {isa = PBXFileReference; fileEncoding = 4; lastKnownFileType = sourcecode.swift; path = Route.swift; sourceTree = "<group>"; };
		D480190E1C12B6A3004615BB /* RouteTableViewCell.swift */ = {isa = PBXFileReference; fileEncoding = 4; lastKnownFileType = sourcecode.swift; path = RouteTableViewCell.swift; sourceTree = "<group>"; };
		D48019111C12B79C004615BB /* CellAdditions.swift */ = {isa = PBXFileReference; fileEncoding = 4; lastKnownFileType = sourcecode.swift; path = CellAdditions.swift; sourceTree = "<group>"; };
		D48019131C12BB60004615BB /* QuartzCore.framework */ = {isa = PBXFileReference; lastKnownFileType = wrapper.framework; name = QuartzCore.framework; path = System/Library/Frameworks/QuartzCore.framework; sourceTree = SDKROOT; };
		D48019151C12D181004615BB /* Trip.swift */ = {isa = PBXFileReference; fileEncoding = 4; lastKnownFileType = sourcecode.swift; path = Trip.swift; sourceTree = "<group>"; };
		D48019171C12D18B004615BB /* StopTime.swift */ = {isa = PBXFileReference; fileEncoding = 4; lastKnownFileType = sourcecode.swift; path = StopTime.swift; sourceTree = "<group>"; };
		D48019191C12D1BF004615BB /* Calendar.swift */ = {isa = PBXFileReference; fileEncoding = 4; lastKnownFileType = sourcecode.swift; path = Calendar.swift; sourceTree = "<group>"; };
		D480191C1C130010004615BB /* Database.swift */ = {isa = PBXFileReference; fileEncoding = 4; lastKnownFileType = sourcecode.swift; path = Database.swift; sourceTree = "<group>"; };
		D480191E1C1306C1004615BB /* NSDate+Additions.swift */ = {isa = PBXFileReference; fileEncoding = 4; lastKnownFileType = sourcecode.swift; path = "NSDate+Additions.swift"; sourceTree = "<group>"; };
		D48019211C1404C6004615BB /* Cartfile */ = {isa = PBXFileReference; fileEncoding = 4; lastKnownFileType = text; path = Cartfile; sourceTree = SOURCE_ROOT; };
		D48019271C144E45004615BB /* Threading.swift */ = {isa = PBXFileReference; fileEncoding = 4; lastKnownFileType = sourcecode.swift; path = Threading.swift; sourceTree = "<group>"; };
		D480192D1C1466EE004615BB /* StopRouteTableViewCell.swift */ = {isa = PBXFileReference; fileEncoding = 4; lastKnownFileType = sourcecode.swift; path = StopRouteTableViewCell.swift; sourceTree = "<group>"; };
		D48019311C159966004615BB /* StopRouteTimesViewController.swift */ = {isa = PBXFileReference; fileEncoding = 4; lastKnownFileType = sourcecode.swift; path = StopRouteTimesViewController.swift; sourceTree = "<group>"; };
		D48019331C15997C004615BB /* StopRouteTimeTableViewCell.swift */ = {isa = PBXFileReference; fileEncoding = 4; lastKnownFileType = sourcecode.swift; path = StopRouteTimeTableViewCell.swift; sourceTree = "<group>"; };
		D48019391C15B1BC004615BB /* DateTimePickerViewController.swift */ = {isa = PBXFileReference; fileEncoding = 4; lastKnownFileType = sourcecode.swift; path = DateTimePickerViewController.swift; sourceTree = "<group>"; };
		D480193B1C15C244004615BB /* String+Additions.swift */ = {isa = PBXFileReference; fileEncoding = 4; lastKnownFileType = sourcecode.swift; path = "String+Additions.swift"; sourceTree = "<group>"; };
		D480193D1C16C82F004615BB /* TripStopTableViewCell.swift */ = {isa = PBXFileReference; fileEncoding = 4; lastKnownFileType = sourcecode.swift; path = TripStopTableViewCell.swift; sourceTree = "<group>"; };
		D480193F1C16C923004615BB /* TripDetailViewController.swift */ = {isa = PBXFileReference; fileEncoding = 4; lastKnownFileType = sourcecode.swift; path = TripDetailViewController.swift; sourceTree = "<group>"; };
		D48019411C172624004615BB /* Shape.swift */ = {isa = PBXFileReference; fileEncoding = 4; lastKnownFileType = sourcecode.swift; path = Shape.swift; sourceTree = "<group>"; };
		D4901B712E48FA65001E03D0 /* SJ TransitTests.xctest */ = {isa = PBXFileReference; explicitFileType = wrapper.cfbundle; includeInIndex = 0; path = "SJ TransitTests.xctest"; sourceTree = BUILT_PRODUCTS_DIR; };
		D495583F1CBE1F710059CF2D /* Coverage.geojson */ = {isa = PBXFileReference; fileEncoding = 4; lastKnownFileType = text; path = Coverage.geojson; sourceTree = "<group>"; };
		D49584931CAFAC4100954327 /* Constants.swift */ = {isa = PBXFileReference; fileEncoding = 4; lastKnownFileType = sourcecode.swift; path = Constants.swift; sourceTree = "<group>"; };
		D49584951CAFAD5F00954327 /* UIViewController+Additions.swift */ = {isa = PBXFileReference; fileEncoding = 4; lastKnownFileType = sourcecode.swift; path = "UIViewController+Additions.swift"; sourceTree = "<group>"; };
		D49584971CAFAF9700954327 /* NoScheduleView.swift */ = {isa = PBXFileReference; fileEncoding = 4; lastKnownFileType = sourcecode.swift; path = NoScheduleView.swift; sourceTree = "<group>"; };
		D49584991CAFAFAB00954327 /* NoScheduleView.xib */ = {isa = PBXFileReference; fileEncoding = 4; lastKnownFileType = file.xib; path = NoScheduleView.xib; sourceTree = "<group>"; };
		D495849B1CB23A2000954327 /* Utilities.swift */ = {isa = PBXFileReference; fileEncoding = 4; lastKnownFileType = sourcecode.swift; path = Utilities.swift; sourceTree = "<group>"; };
		D495849D1CB2460700954327 /* Downloader.swift */ = {isa = PBXFileReference; fileEncoding = 4; lastKnownFileType = sourcecode.swift; path = Downloader.swift; sourceTree = "<group>"; };
		D4AA10052E4908AA00AAA001 /* GTFSDatabaseTestSupport.swift */ = {isa = PBXFileReference; lastKnownFileType = sourcecode.swift; path = GTFSDatabaseTestSupport.swift; sourceTree = "<group>"; };
		D4AA10062E4908AA00AAA001 /* RouteQueryTests.swift */ = {isa = PBXFileReference; lastKnownFileType = sourcecode.swift; path = RouteQueryTests.swift; sourceTree = "<group>"; };
		D4AA10072E4908AA00AAA001 /* StopAndShapeQueryTests.swift */ = {isa = PBXFileReference; lastKnownFileType = sourcecode.swift; path = StopAndShapeQueryTests.swift; sourceTree = "<group>"; };
		D4AA10082E4908AA00AAA001 /* TripAndStopTimeQueryTests.swift */ = {isa = PBXFileReference; lastKnownFileType = sourcecode.swift; path = TripAndStopTimeQueryTests.swift; sourceTree = "<group>"; };
		D4AA100A2E4908AA00AAA001 /* FavoriteQueryTests.swift */ = {isa = PBXFileReference; lastKnownFileType = sourcecode.swift; path = FavoriteQueryTests.swift; sourceTree = "<group>"; };
		D4AA100C2E4908AA00AAA001 /* CalendarQueryTests.swift */ = {isa = PBXFileReference; lastKnownFileType = sourcecode.swift; path = CalendarQueryTests.swift; sourceTree = "<group>"; };
		D4AA100E2E4908D400AAA001 /* gtfs.db */ = {isa = PBXFileReference; lastKnownFileType = file; name = gtfs.db; path = "SJ TransitTests/gtfs.db"; sourceTree = SOURCE_ROOT; };
		D4CE44D81CBDED4E0012320F /* DateFormatter.swift */ = {isa = PBXFileReference; fileEncoding = 4; lastKnownFileType = sourcecode.swift; path = DateFormatter.swift; sourceTree = "<group>"; };
		D4FACC6C1CA89416009A346A /* Update.swift */ = {isa = PBXFileReference; fileEncoding = 4; lastKnownFileType = sourcecode.swift; path = Update.swift; sourceTree = "<group>"; };
		D4FDEDAE1C193CC700D01886 /* TripStopTableViewCell.xib */ = {isa = PBXFileReference; fileEncoding = 4; lastKnownFileType = file.xib; path = TripStopTableViewCell.xib; sourceTree = "<group>"; };
		D4FDEDB01C1945EF00D01886 /* RouteMapViewController.swift */ = {isa = PBXFileReference; fileEncoding = 4; lastKnownFileType = sourcecode.swift; path = RouteMapViewController.swift; sourceTree = "<group>"; };
		D4FDEDB21C19471600D01886 /* UITableView+Additions.swift */ = {isa = PBXFileReference; fileEncoding = 4; lastKnownFileType = sourcecode.swift; path = "UITableView+Additions.swift"; sourceTree = "<group>"; };
		D4FDEDB41C19846500D01886 /* Favorite.swift */ = {isa = PBXFileReference; fileEncoding = 4; lastKnownFileType = sourcecode.swift; path = Favorite.swift; sourceTree = "<group>"; };
/* End PBXFileReference section */

/* Begin PBXFrameworksBuildPhase section */
		D44107D31BFD71CE0022B7E2 /* Frameworks */ = {
			isa = PBXFrameworksBuildPhase;
			buildActionMask = 2147483647;
			files = (
				D48019141C12BB60004615BB /* QuartzCore.framework in Frameworks */,
				D477DEF31C1021FF009C356E /* CoreLocation.framework in Frameworks */,
				D48E3CFA2C695F2A009ADE79 /* SVProgressHUD in Frameworks */,
				D477DEF11C1021F8009C356E /* MapKit.framework in Frameworks */,
				D48E3CFD2C695F7A009ADE79 /* Zip in Frameworks */,
				D4BED7F623BACEC200F8781C /* SQLite in Frameworks */,
			);
			runOnlyForDeploymentPostprocessing = 0;
		};
		D4901B6E2E48FA65001E03D0 /* Frameworks */ = {
			isa = PBXFrameworksBuildPhase;
			buildActionMask = 2147483647;
			files = (
				D4AA10102E49090400AAA001 /* SQLite in Frameworks */,
			);
			runOnlyForDeploymentPostprocessing = 0;
		};
/* End PBXFrameworksBuildPhase section */

/* Begin PBXGroup section */
		D44107CD1BFD71CE0022B7E2 = {
			isa = PBXGroup;
			children = (
				D44107D81BFD71CE0022B7E2 /* SJ Transit */,
				D4901B7B2E48FA6F001E03D0 /* SJ TransitTests */,
				D477DEF41C102204009C356E /* Frameworks */,
				D44107D71BFD71CE0022B7E2 /* Products */,
			);
			sourceTree = "<group>";
		};
		D44107D71BFD71CE0022B7E2 /* Products */ = {
			isa = PBXGroup;
			children = (
				D44107D61BFD71CE0022B7E2 /* SJ Transit.app */,
				D4901B712E48FA65001E03D0 /* SJ TransitTests.xctest */,
			);
			name = Products;
			sourceTree = "<group>";
		};
		D44107D81BFD71CE0022B7E2 /* SJ Transit */ = {
			isa = PBXGroup;
			children = (
				D44107D91BFD71CF0022B7E2 /* AppDelegate.swift */,
				D477DEE61C1020EE009C356E /* Controllers */,
				D48018FA1C117ED1004615BB /* Models */,
				D48019001C11C1EA004615BB /* Views */,
				D48019101C12B790004615BB /* Extensions */,
				D480191B1C130004004615BB /* Utilities */,
				D477DEE01C1020DB009C356E /* Storyboards */,
				D477DEDE1C1020DB009C356E /* Resources */,
				D477DEE91C1020FC009C356E /* Supporting Files */,
			);
			path = "SJ Transit";
			sourceTree = "<group>";
		};
		D477DEDE1C1020DB009C356E /* Resources */ = {
			isa = PBXGroup;
			children = (
				D495583F1CBE1F710059CF2D /* Coverage.geojson */,
				D477DEDF1C1020DB009C356E /* Assets.xcassets */,
			);
			path = Resources;
			sourceTree = "<group>";
		};
		D477DEE01C1020DB009C356E /* Storyboards */ = {
			isa = PBXGroup;
			children = (
				D477DEE11C1020DB009C356E /* LaunchScreen.storyboard */,
				D477DEE21C1020DB009C356E /* Main.storyboard */,
			);
			path = Storyboards;
			sourceTree = "<group>";
		};
		D477DEE61C1020EE009C356E /* Controllers */ = {
			isa = PBXGroup;
			children = (
				D477DEEE1C1021A4009C356E /* MapViewController.swift */,
				D48019031C11C979004615BB /* StopRouteViewController.swift */,
				D48019311C159966004615BB /* StopRouteTimesViewController.swift */,
				D477DEE71C1020EE009C356E /* FavoritesViewVontroller.swift */,
				D477DEEA1C102183009C356E /* RoutesViewController.swift */,
				D48019071C11C9C4004615BB /* RouteDetailViewController.swift */,
				D4FDEDB01C1945EF00D01886 /* RouteMapViewController.swift */,
				D48019391C15B1BC004615BB /* DateTimePickerViewController.swift */,
				D480193F1C16C923004615BB /* TripDetailViewController.swift */,
				D477DEEC1C10218F009C356E /* SettingsViewController.swift */,
			);
			path = Controllers;
			sourceTree = "<group>";
		};
		D477DEE91C1020FC009C356E /* Supporting Files */ = {
			isa = PBXGroup;
			children = (
				D48019211C1404C6004615BB /* Cartfile */,
				D44107E71BFD71CF0022B7E2 /* Info.plist */,
			);
			name = "Supporting Files";
			sourceTree = "<group>";
		};
		D477DEF41C102204009C356E /* Frameworks */ = {
			isa = PBXGroup;
			children = (
				D48019131C12BB60004615BB /* QuartzCore.framework */,
				D477DEF21C1021FF009C356E /* CoreLocation.framework */,
				D477DEF01C1021F8009C356E /* MapKit.framework */,
			);
			name = Frameworks;
			sourceTree = "<group>";
		};
		D48018FA1C117ED1004615BB /* Models */ = {
			isa = PBXGroup;
			children = (
				D48018FB1C117EED004615BB /* Stop.swift */,
				D48019091C11CA3B004615BB /* Route.swift */,
				D48019151C12D181004615BB /* Trip.swift */,
				D48019171C12D18B004615BB /* StopTime.swift */,
				D48019191C12D1BF004615BB /* Calendar.swift */,
				D48019411C172624004615BB /* Shape.swift */,
				D4FDEDB41C19846500D01886 /* Favorite.swift */,
				D4FACC6C1CA89416009A346A /* Update.swift */,
			);
			name = Models;
			path = "SJ Transit/Models";
			sourceTree = SOURCE_ROOT;
		};
		D48019001C11C1EA004615BB /* Views */ = {
			isa = PBXGroup;
			children = (
				D480190E1C12B6A3004615BB /* RouteTableViewCell.swift */,
				D480192D1C1466EE004615BB /* StopRouteTableViewCell.swift */,
				D48019331C15997C004615BB /* StopRouteTimeTableViewCell.swift */,
				D480193D1C16C82F004615BB /* TripStopTableViewCell.swift */,
				D4FDEDAE1C193CC700D01886 /* TripStopTableViewCell.xib */,
				D49584971CAFAF9700954327 /* NoScheduleView.swift */,
				D49584991CAFAFAB00954327 /* NoScheduleView.xib */,
			);
			path = Views;
			sourceTree = "<group>";
		};
		D48019101C12B790004615BB /* Extensions */ = {
			isa = PBXGroup;
			children = (
				D48019111C12B79C004615BB /* CellAdditions.swift */,
				D480191E1C1306C1004615BB /* NSDate+Additions.swift */,
				D48019271C144E45004615BB /* Threading.swift */,
				D480193B1C15C244004615BB /* String+Additions.swift */,
				D4FDEDB21C19471600D01886 /* UITableView+Additions.swift */,
				D49584951CAFAD5F00954327 /* UIViewController+Additions.swift */,
			);
			path = Extensions;
			sourceTree = "<group>";
		};
		D480191B1C130004004615BB /* Utilities */ = {
			isa = PBXGroup;
			children = (
				D4CE44D81CBDED4E0012320F /* DateFormatter.swift */,
				D480191C1C130010004615BB /* Database.swift */,
				D49584931CAFAC4100954327 /* Constants.swift */,
				D495849B1CB23A2000954327 /* Utilities.swift */,
				D495849D1CB2460700954327 /* Downloader.swift */,
			);
			path = Utilities;
			sourceTree = "<group>";
		};
		D4901B7B2E48FA6F001E03D0 /* SJ TransitTests */ = {
			isa = PBXGroup;
			children = (
				D4AA10052E4908AA00AAA001 /* GTFSDatabaseTestSupport.swift */,
				D4AA10062E4908AA00AAA001 /* RouteQueryTests.swift */,
				D4AA10072E4908AA00AAA001 /* StopAndShapeQueryTests.swift */,
				D4AA10082E4908AA00AAA001 /* TripAndStopTimeQueryTests.swift */,
				D4AA100A2E4908AA00AAA001 /* FavoriteQueryTests.swift */,
				D4AA100C2E4908AA00AAA001 /* CalendarQueryTests.swift */,
				D4AA100E2E4908D400AAA001 /* gtfs.db */,
			);
			path = "SJ TransitTests";
			sourceTree = "<group>";
		};
/* End PBXGroup section */

/* Begin PBXNativeTarget section */
		D44107D51BFD71CE0022B7E2 /* SJ Transit */ = {
			isa = PBXNativeTarget;
			buildConfigurationList = D44107EA1BFD71CF0022B7E2 /* Build configuration list for PBXNativeTarget "SJ Transit" */;
			buildPhases = (
				D44107D21BFD71CE0022B7E2 /* Sources */,
				D44107D31BFD71CE0022B7E2 /* Frameworks */,
				D44107D41BFD71CE0022B7E2 /* Resources */,
			);
			buildRules = (
			);
			dependencies = (
			);
			name = "SJ Transit";
			packageProductDependencies = (
				D4BED7F523BACEC200F8781C /* SQLite */,
				D48E3CF92C695F2A009ADE79 /* SVProgressHUD */,
				D48E3CFC2C695F7A009ADE79 /* Zip */,
			);
			productName = "SJ Transit";
			productReference = D44107D61BFD71CE0022B7E2 /* SJ Transit.app */;
			productType = "com.apple.product-type.application";
		};
		D4901B702E48FA65001E03D0 /* SJ TransitTests */ = {
			isa = PBXNativeTarget;
			buildConfigurationList = D4901B792E48FA65001E03D0 /* Build configuration list for PBXNativeTarget "SJ TransitTests" */;
			buildPhases = (
				D4901B6D2E48FA65001E03D0 /* Sources */,
				D4901B6E2E48FA65001E03D0 /* Frameworks */,
				D4901B6F2E48FA65001E03D0 /* Resources */,
			);
			buildRules = (
			);
			dependencies = (
				D4901B762E48FA65001E03D0 /* PBXTargetDependency */,
			);
			name = "SJ TransitTests";
			packageProductDependencies = (
				D4AA100F2E49090400AAA001 /* SQLite */,
			);
			productName = "SJ TransitTests";
			productReference = D4901B712E48FA65001E03D0 /* SJ TransitTests.xctest */;
			productType = "com.apple.product-type.bundle.unit-test";
		};
/* End PBXNativeTarget section */

/* Begin PBXProject section */
		D44107CE1BFD71CE0022B7E2 /* Project object */ = {
			isa = PBXProject;
			attributes = {
				BuildIndependentTargetsInParallel = YES;
				LastSwiftUpdateCheck = 1640;
				LastUpgradeCheck = 1540;
				ORGANIZATIONNAME = "Vashishtha Jogi";
				TargetAttributes = {
					D44107D51BFD71CE0022B7E2 = {
						CreatedOnToolsVersion = 7.1.1;
						DevelopmentTeam = H5537L6Q5K;
						LastSwiftMigration = 1130;
						ProvisioningStyle = Automatic;
						SystemCapabilities = {
							com.apple.BackgroundModes = {
								enabled = 0;
							};
							com.apple.Push = {
								enabled = 0;
							};
						};
					};
					D4901B702E48FA65001E03D0 = {
						CreatedOnToolsVersion = 16.4;
						TestTargetID = D44107D51BFD71CE0022B7E2;
					};
				};
			};
			buildConfigurationList = D44107D11BFD71CE0022B7E2 /* Build configuration list for PBXProject "SJ Transit" */;
			compatibilityVersion = "Xcode 3.2";
			developmentRegion = en;
			hasScannedForEncodings = 0;
			knownRegions = (
				en,
				Base,
			);
			mainGroup = D44107CD1BFD71CE0022B7E2;
			packageReferences = (
				D4BED7F423BACEC200F8781C /* XCRemoteSwiftPackageReference "SQLite" */,
				D48E3CF82C695F2A009ADE79 /* XCRemoteSwiftPackageReference "SVProgressHUD" */,
				D48E3CFB2C695F7A009ADE79 /* XCRemoteSwiftPackageReference "Zip" */,
			);
			productRefGroup = D44107D71BFD71CE0022B7E2 /* Products */;
			projectDirPath = "";
			projectRoot = "";
			targets = (
				D44107D51BFD71CE0022B7E2 /* SJ Transit */,
				D4901B702E48FA65001E03D0 /* SJ TransitTests */,
			);
		};
/* End PBXProject section */

/* Begin PBXResourcesBuildPhase section */
		D44107D41BFD71CE0022B7E2 /* Resources */ = {
			isa = PBXResourcesBuildPhase;
			buildActionMask = 2147483647;
			files = (
				D4FDEDAF1C193CC700D01886 /* TripStopTableViewCell.xib in Resources */,
				D477DEE41C1020DB009C356E /* LaunchScreen.storyboard in Resources */,
				D477DEE31C1020DB009C356E /* Assets.xcassets in Resources */,
				D477DEE51C1020DB009C356E /* Main.storyboard in Resources */,
				D495849A1CAFAFAB00954327 /* NoScheduleView.xib in Resources */,
				D49558401CBE1F710059CF2D /* Coverage.geojson in Resources */,
				D4AA100D2E4908D400AAA001 /* gtfs.db in Resources */,
			);
			runOnlyForDeploymentPostprocessing = 0;
		};
		D4901B6F2E48FA65001E03D0 /* Resources */ = {
			isa = PBXResourcesBuildPhase;
			buildActionMask = 2147483647;
			files = (
				D48118D32E4910100008AE6B /* gtfs.db in Resources */,
			);
			runOnlyForDeploymentPostprocessing = 0;
		};
/* End PBXResourcesBuildPhase section */

/* Begin PBXSourcesBuildPhase section */
		D44107D21BFD71CE0022B7E2 /* Sources */ = {
			isa = PBXSourcesBuildPhase;
			buildActionMask = 2147483647;
			files = (
				D48019181C12D18B004615BB /* StopTime.swift in Sources */,
				D480190F1C12B6A3004615BB /* RouteTableViewCell.swift in Sources */,
				D4FDEDB51C19846500D01886 /* Favorite.swift in Sources */,
				D480193C1C15C244004615BB /* String+Additions.swift in Sources */,
				D49584961CAFAD5F00954327 /* UIViewController+Additions.swift in Sources */,
				D48019041C11C979004615BB /* StopRouteViewController.swift in Sources */,
				D48019401C16C923004615BB /* TripDetailViewController.swift in Sources */,
				D48019281C144E45004615BB /* Threading.swift in Sources */,
				D480192E1C1466EE004615BB /* StopRouteTableViewCell.swift in Sources */,
				D48019341C15997C004615BB /* StopRouteTimeTableViewCell.swift in Sources */,
				D4CE44D91CBDED4E0012320F /* DateFormatter.swift in Sources */,
				D495849C1CB23A2000954327 /* Utilities.swift in Sources */,
				D49584941CAFAC4100954327 /* Constants.swift in Sources */,
				D4FDEDB31C19471600D01886 /* UITableView+Additions.swift in Sources */,
				D480191A1C12D1BF004615BB /* Calendar.swift in Sources */,
				D495849E1CB2460700954327 /* Downloader.swift in Sources */,
				D4FACC6D1CA89416009A346A /* Update.swift in Sources */,
				D48019321C159966004615BB /* StopRouteTimesViewController.swift in Sources */,
				D44107DA1BFD71CF0022B7E2 /* AppDelegate.swift in Sources */,
				D480193E1C16C82F004615BB /* TripStopTableViewCell.swift in Sources */,
				D480193A1C15B1BC004615BB /* DateTimePickerViewController.swift in Sources */,
				D480190A1C11CA3B004615BB /* Route.swift in Sources */,
				D48019121C12B79C004615BB /* CellAdditions.swift in Sources */,
				D477DEEB1C102183009C356E /* RoutesViewController.swift in Sources */,
				D48019161C12D181004615BB /* Trip.swift in Sources */,
				D49584981CAFAF9700954327 /* NoScheduleView.swift in Sources */,
				D48019081C11C9C4004615BB /* RouteDetailViewController.swift in Sources */,
				D477DEE81C1020EE009C356E /* FavoritesViewVontroller.swift in Sources */,
				D477DEEF1C1021A4009C356E /* MapViewController.swift in Sources */,
				D48019421C172624004615BB /* Shape.swift in Sources */,
				D477DEED1C10218F009C356E /* SettingsViewController.swift in Sources */,
				D480191D1C130010004615BB /* Database.swift in Sources */,
				D48018FC1C117EED004615BB /* Stop.swift in Sources */,
				D4FDEDB11C1945EF00D01886 /* RouteMapViewController.swift in Sources */,
				D480191F1C1306C1004615BB /* NSDate+Additions.swift in Sources */,
			);
			runOnlyForDeploymentPostprocessing = 0;
		};
		D4901B6D2E48FA65001E03D0 /* Sources */ = {
			isa = PBXSourcesBuildPhase;
			buildActionMask = 2147483647;
			files = (
				D4AA10012E4908AA00AAA001 /* GTFSDatabaseTestSupport.swift in Sources */,
				D4AA10022E4908AA00AAA001 /* RouteQueryTests.swift in Sources */,
				D4AA10032E4908AA00AAA001 /* StopAndShapeQueryTests.swift in Sources */,
				D4AA10042E4908AA00AAA001 /* TripAndStopTimeQueryTests.swift in Sources */,
				D4AA10092E4908AA00AAA001 /* FavoriteQueryTests.swift in Sources */,
				D4AA100B2E4908AA00AAA001 /* CalendarQueryTests.swift in Sources */,
			);
			runOnlyForDeploymentPostprocessing = 0;
		};
/* End PBXSourcesBuildPhase section */

/* Begin PBXTargetDependency section */
		D4901B762E48FA65001E03D0 /* PBXTargetDependency */ = {
			isa = PBXTargetDependency;
			target = D44107D51BFD71CE0022B7E2 /* SJ Transit */;
			targetProxy = D4901B752E48FA65001E03D0 /* PBXContainerItemProxy */;
		};
/* End PBXTargetDependency section */

/* Begin XCBuildConfiguration section */
		D44107E81BFD71CF0022B7E2 /* Debug */ = {
			isa = XCBuildConfiguration;
			buildSettings = {
				ALWAYS_SEARCH_USER_PATHS = NO;
				ASSETCATALOG_COMPILER_GENERATE_SWIFT_ASSET_SYMBOL_EXTENSIONS = YES;
				CLANG_ANALYZER_LOCALIZABILITY_NONLOCALIZED = YES;
				CLANG_CXX_LANGUAGE_STANDARD = "gnu++0x";
				CLANG_CXX_LIBRARY = "libc++";
				CLANG_ENABLE_MODULES = YES;
				CLANG_ENABLE_OBJC_ARC = YES;
				CLANG_WARN_BLOCK_CAPTURE_AUTORELEASING = YES;
				CLANG_WARN_BOOL_CONVERSION = YES;
				CLANG_WARN_COMMA = YES;
				CLANG_WARN_CONSTANT_CONVERSION = YES;
				CLANG_WARN_DEPRECATED_OBJC_IMPLEMENTATIONS = YES;
				CLANG_WARN_DIRECT_OBJC_ISA_USAGE = YES_ERROR;
				CLANG_WARN_EMPTY_BODY = YES;
				CLANG_WARN_ENUM_CONVERSION = YES;
				CLANG_WARN_INFINITE_RECURSION = YES;
				CLANG_WARN_INT_CONVERSION = YES;
				CLANG_WARN_NON_LITERAL_NULL_CONVERSION = YES;
				CLANG_WARN_OBJC_IMPLICIT_RETAIN_SELF = YES;
				CLANG_WARN_OBJC_LITERAL_CONVERSION = YES;
				CLANG_WARN_OBJC_ROOT_CLASS = YES_ERROR;
				CLANG_WARN_QUOTED_INCLUDE_IN_FRAMEWORK_HEADER = YES;
				CLANG_WARN_RANGE_LOOP_ANALYSIS = YES;
				CLANG_WARN_STRICT_PROTOTYPES = YES;
				CLANG_WARN_SUSPICIOUS_MOVE = YES;
				CLANG_WARN_UNREACHABLE_CODE = YES;
				CLANG_WARN__DUPLICATE_METHOD_MATCH = YES;
				"CODE_SIGN_IDENTITY[sdk=iphoneos*]" = "iPhone Developer";
				COPY_PHASE_STRIP = NO;
				DEBUG_INFORMATION_FORMAT = dwarf;
				ENABLE_STRICT_OBJC_MSGSEND = YES;
				ENABLE_TESTABILITY = YES;
				ENABLE_USER_SCRIPT_SANDBOXING = YES;
				GCC_C_LANGUAGE_STANDARD = gnu99;
				GCC_DYNAMIC_NO_PIC = NO;
				GCC_NO_COMMON_BLOCKS = YES;
				GCC_OPTIMIZATION_LEVEL = 0;
				GCC_PREPROCESSOR_DEFINITIONS = (
					"DEBUG=1",
					"$(inherited)",
				);
				GCC_WARN_64_TO_32_BIT_CONVERSION = YES;
				GCC_WARN_ABOUT_RETURN_TYPE = YES_ERROR;
				GCC_WARN_UNDECLARED_SELECTOR = YES;
				GCC_WARN_UNINITIALIZED_AUTOS = YES_AGGRESSIVE;
				GCC_WARN_UNUSED_FUNCTION = YES;
				GCC_WARN_UNUSED_VARIABLE = YES;
				IPHONEOS_DEPLOYMENT_TARGET = 13.0;
				MTL_ENABLE_DEBUG_INFO = YES;
				ONLY_ACTIVE_ARCH = YES;
				SDKROOT = iphoneos;
				SWIFT_OPTIMIZATION_LEVEL = "-Onone";
			};
			name = Debug;
		};
		D44107E91BFD71CF0022B7E2 /* Release */ = {
			isa = XCBuildConfiguration;
			buildSettings = {
				ALWAYS_SEARCH_USER_PATHS = NO;
				ASSETCATALOG_COMPILER_GENERATE_SWIFT_ASSET_SYMBOL_EXTENSIONS = YES;
				CLANG_ANALYZER_LOCALIZABILITY_NONLOCALIZED = YES;
				CLANG_CXX_LANGUAGE_STANDARD = "gnu++0x";
				CLANG_CXX_LIBRARY = "libc++";
				CLANG_ENABLE_MODULES = YES;
				CLANG_ENABLE_OBJC_ARC = YES;
				CLANG_WARN_BLOCK_CAPTURE_AUTORELEASING = YES;
				CLANG_WARN_BOOL_CONVERSION = YES;
				CLANG_WARN_COMMA = YES;
				CLANG_WARN_CONSTANT_CONVERSION = YES;
				CLANG_WARN_DEPRECATED_OBJC_IMPLEMENTATIONS = YES;
				CLANG_WARN_DIRECT_OBJC_ISA_USAGE = YES_ERROR;
				CLANG_WARN_EMPTY_BODY = YES;
				CLANG_WARN_ENUM_CONVERSION = YES;
				CLANG_WARN_INFINITE_RECURSION = YES;
				CLANG_WARN_INT_CONVERSION = YES;
				CLANG_WARN_NON_LITERAL_NULL_CONVERSION = YES;
				CLANG_WARN_OBJC_IMPLICIT_RETAIN_SELF = YES;
				CLANG_WARN_OBJC_LITERAL_CONVERSION = YES;
				CLANG_WARN_OBJC_ROOT_CLASS = YES_ERROR;
				CLANG_WARN_QUOTED_INCLUDE_IN_FRAMEWORK_HEADER = YES;
				CLANG_WARN_RANGE_LOOP_ANALYSIS = YES;
				CLANG_WARN_STRICT_PROTOTYPES = YES;
				CLANG_WARN_SUSPICIOUS_MOVE = YES;
				CLANG_WARN_UNREACHABLE_CODE = YES;
				CLANG_WARN__DUPLICATE_METHOD_MATCH = YES;
				"CODE_SIGN_IDENTITY[sdk=iphoneos*]" = "iPhone Developer";
				COPY_PHASE_STRIP = NO;
				DEBUG_INFORMATION_FORMAT = "dwarf-with-dsym";
				ENABLE_NS_ASSERTIONS = NO;
				ENABLE_STRICT_OBJC_MSGSEND = YES;
				ENABLE_USER_SCRIPT_SANDBOXING = YES;
				GCC_C_LANGUAGE_STANDARD = gnu99;
				GCC_NO_COMMON_BLOCKS = YES;
				GCC_WARN_64_TO_32_BIT_CONVERSION = YES;
				GCC_WARN_ABOUT_RETURN_TYPE = YES_ERROR;
				GCC_WARN_UNDECLARED_SELECTOR = YES;
				GCC_WARN_UNINITIALIZED_AUTOS = YES_AGGRESSIVE;
				GCC_WARN_UNUSED_FUNCTION = YES;
				GCC_WARN_UNUSED_VARIABLE = YES;
				IPHONEOS_DEPLOYMENT_TARGET = 13.0;
				MTL_ENABLE_DEBUG_INFO = NO;
				SDKROOT = iphoneos;
				SWIFT_COMPILATION_MODE = wholemodule;
				SWIFT_OPTIMIZATION_LEVEL = "-O";
				VALIDATE_PRODUCT = YES;
			};
			name = Release;
		};
		D44107EB1BFD71CF0022B7E2 /* Debug */ = {
			isa = XCBuildConfiguration;
			buildSettings = {
				ASSETCATALOG_COMPILER_APPICON_NAME = AppIcon;
				CODE_SIGN_IDENTITY = "iPhone Developer";
				"CODE_SIGN_IDENTITY[sdk=iphoneos*]" = "iPhone Developer";
				CURRENT_PROJECT_VERSION = 2;
				DEBUG_INFORMATION_FORMAT = "dwarf-with-dsym";
				DEVELOPMENT_TEAM = H5537L6Q5K;
				FRAMEWORK_SEARCH_PATHS = "$(inherited)";
				INFOPLIST_FILE = "SJ Transit/Info.plist";
				LD_RUNPATH_SEARCH_PATHS = (
					"$(inherited)",
					"@executable_path/Frameworks",
				);
				MARKETING_VERSION = 3.2;
				PRODUCT_BUNDLE_IDENTIFIER = com.jogi.iVTA;
				PRODUCT_NAME = "$(TARGET_NAME)";
				PROVISIONING_PROFILE = "";
				PROVISIONING_PROFILE_SPECIFIER = "";
				SWIFT_SWIFT3_OBJC_INFERENCE = Default;
				SWIFT_VERSION = 5.0;
				VERSIONING_SYSTEM = "apple-generic";
			};
			name = Debug;
		};
		D44107EC1BFD71CF0022B7E2 /* Release */ = {
			isa = XCBuildConfiguration;
			buildSettings = {
				ASSETCATALOG_COMPILER_APPICON_NAME = AppIcon;
				CODE_SIGN_IDENTITY = "iPhone Developer";
				"CODE_SIGN_IDENTITY[sdk=iphoneos*]" = "iPhone Developer";
				CURRENT_PROJECT_VERSION = 2;
				DEVELOPMENT_TEAM = H5537L6Q5K;
				FRAMEWORK_SEARCH_PATHS = "$(inherited)";
				INFOPLIST_FILE = "SJ Transit/Info.plist";
				LD_RUNPATH_SEARCH_PATHS = (
					"$(inherited)",
					"@executable_path/Frameworks",
				);
				MARKETING_VERSION = 3.2;
				PRODUCT_BUNDLE_IDENTIFIER = com.jogi.iVTA;
				PRODUCT_NAME = "$(TARGET_NAME)";
				PROVISIONING_PROFILE = "";
				PROVISIONING_PROFILE_SPECIFIER = "";
				SWIFT_SWIFT3_OBJC_INFERENCE = Default;
				SWIFT_VERSION = 5.0;
				VERSIONING_SYSTEM = "apple-generic";
			};
			name = Release;
		};
		D4901B772E48FA65001E03D0 /* Debug */ = {
			isa = XCBuildConfiguration;
			buildSettings = {
				BUNDLE_LOADER = "$(TEST_HOST)";
				CLANG_ANALYZER_NONNULL = YES;
				CLANG_ANALYZER_NUMBER_OBJECT_CONVERSION = YES_AGGRESSIVE;
				CLANG_CXX_LANGUAGE_STANDARD = "gnu++20";
				CLANG_ENABLE_OBJC_WEAK = YES;
				CLANG_WARN_DOCUMENTATION_COMMENTS = YES;
				CLANG_WARN_UNGUARDED_AVAILABILITY = YES_AGGRESSIVE;
				CODE_SIGN_STYLE = Automatic;
				CURRENT_PROJECT_VERSION = 1;
				DEVELOPMENT_TEAM = H5537L6Q5K;
				GCC_C_LANGUAGE_STANDARD = gnu17;
				GENERATE_INFOPLIST_FILE = YES;
				IPHONEOS_DEPLOYMENT_TARGET = 18.5;
				LOCALIZATION_PREFERS_STRING_CATALOGS = YES;
				MARKETING_VERSION = 1.0;
				MTL_ENABLE_DEBUG_INFO = INCLUDE_SOURCE;
				MTL_FAST_MATH = YES;
				PRODUCT_BUNDLE_IDENTIFIER = "com.jogi.SJ-TransitTests";
				PRODUCT_NAME = "$(TARGET_NAME)";
				SWIFT_ACTIVE_COMPILATION_CONDITIONS = "DEBUG $(inherited)";
				SWIFT_EMIT_LOC_STRINGS = NO;
				SWIFT_VERSION = 5.0;
				TARGETED_DEVICE_FAMILY = "1,2";
				TEST_HOST = "$(BUILT_PRODUCTS_DIR)/SJ Transit.app/$(BUNDLE_EXECUTABLE_FOLDER_PATH)/SJ Transit";
			};
			name = Debug;
		};
		D4901B782E48FA65001E03D0 /* Release */ = {
			isa = XCBuildConfiguration;
			buildSettings = {
				BUNDLE_LOADER = "$(TEST_HOST)";
				CLANG_ANALYZER_NONNULL = YES;
				CLANG_ANALYZER_NUMBER_OBJECT_CONVERSION = YES_AGGRESSIVE;
				CLANG_CXX_LANGUAGE_STANDARD = "gnu++20";
				CLANG_ENABLE_OBJC_WEAK = YES;
				CLANG_WARN_DOCUMENTATION_COMMENTS = YES;
				CLANG_WARN_UNGUARDED_AVAILABILITY = YES_AGGRESSIVE;
				CODE_SIGN_STYLE = Automatic;
				CURRENT_PROJECT_VERSION = 1;
				DEVELOPMENT_TEAM = H5537L6Q5K;
				GCC_C_LANGUAGE_STANDARD = gnu17;
				GENERATE_INFOPLIST_FILE = YES;
				IPHONEOS_DEPLOYMENT_TARGET = 18.5;
				LOCALIZATION_PREFERS_STRING_CATALOGS = YES;
				MARKETING_VERSION = 1.0;
				MTL_FAST_MATH = YES;
				PRODUCT_BUNDLE_IDENTIFIER = "com.jogi.SJ-TransitTests";
				PRODUCT_NAME = "$(TARGET_NAME)";
				SWIFT_EMIT_LOC_STRINGS = NO;
				SWIFT_VERSION = 5.0;
				TARGETED_DEVICE_FAMILY = "1,2";
				TEST_HOST = "$(BUILT_PRODUCTS_DIR)/SJ Transit.app/$(BUNDLE_EXECUTABLE_FOLDER_PATH)/SJ Transit";
			};
			name = Release;
		};
/* End XCBuildConfiguration section */

/* Begin XCConfigurationList section */
		D44107D11BFD71CE0022B7E2 /* Build configuration list for PBXProject "SJ Transit" */ = {
			isa = XCConfigurationList;
			buildConfigurations = (
				D44107E81BFD71CF0022B7E2 /* Debug */,
				D44107E91BFD71CF0022B7E2 /* Release */,
			);
			defaultConfigurationIsVisible = 0;
			defaultConfigurationName = Release;
		};
		D44107EA1BFD71CF0022B7E2 /* Build configuration list for PBXNativeTarget "SJ Transit" */ = {
			isa = XCConfigurationList;
			buildConfigurations = (
				D44107EB1BFD71CF0022B7E2 /* Debug */,
				D44107EC1BFD71CF0022B7E2 /* Release */,
			);
			defaultConfigurationIsVisible = 0;
			defaultConfigurationName = Release;
		};
		D4901B792E48FA65001E03D0 /* Build configuration list for PBXNativeTarget "SJ TransitTests" */ = {
			isa = XCConfigurationList;
			buildConfigurations = (
				D4901B772E48FA65001E03D0 /* Debug */,
				D4901B782E48FA65001E03D0 /* Release */,
			);
			defaultConfigurationIsVisible = 0;
			defaultConfigurationName = Release;
		};
/* End XCConfigurationList section */

/* Begin XCRemoteSwiftPackageReference section */
		D48E3CF82C695F2A009ADE79 /* XCRemoteSwiftPackageReference "SVProgressHUD" */ = {
			isa = XCRemoteSwiftPackageReference;
			repositoryURL = "https://github.com/SVProgressHUD/SVProgressHUD";
			requirement = {
				kind = upToNextMajorVersion;
				minimumVersion = 2.3.1;
			};
		};
		D48E3CFB2C695F7A009ADE79 /* XCRemoteSwiftPackageReference "Zip" */ = {
			isa = XCRemoteSwiftPackageReference;
			repositoryURL = "https://github.com/marmelroy/Zip";
			requirement = {
				kind = upToNextMajorVersion;
				minimumVersion = 2.1.2;
			};
		};
		D4BED7F423BACEC200F8781C /* XCRemoteSwiftPackageReference "SQLite" */ = {
			isa = XCRemoteSwiftPackageReference;
			repositoryURL = "https://github.com/stephencelis/SQLite.swift";
			requirement = {
				kind = upToNextMajorVersion;
				minimumVersion = 0.12.2;
			};
		};
/* End XCRemoteSwiftPackageReference section */

/* Begin XCSwiftPackageProductDependency section */
		D48E3CF92C695F2A009ADE79 /* SVProgressHUD */ = {
			isa = XCSwiftPackageProductDependency;
			package = D48E3CF82C695F2A009ADE79 /* XCRemoteSwiftPackageReference "SVProgressHUD" */;
			productName = SVProgressHUD;
		};
		D48E3CFC2C695F7A009ADE79 /* Zip */ = {
			isa = XCSwiftPackageProductDependency;
			package = D48E3CFB2C695F7A009ADE79 /* XCRemoteSwiftPackageReference "Zip" */;
			productName = Zip;
		};
		D4AA100F2E49090400AAA001 /* SQLite */ = {
			isa = XCSwiftPackageProductDependency;
			package = D4BED7F423BACEC200F8781C /* XCRemoteSwiftPackageReference "SQLite" */;
			productName = SQLite;
		};
		D4BED7F523BACEC200F8781C /* SQLite */ = {
			isa = XCSwiftPackageProductDependency;
			package = D4BED7F423BACEC200F8781C /* XCRemoteSwiftPackageReference "SQLite" */;
			productName = SQLite;
		};
/* End XCSwiftPackageProductDependency section */
	};
	rootObject = D44107CE1BFD71CE0022B7E2 /* Project object */;
}
